
Microsoft Visual Studio Solution File, Format Version 12.00
# Visual Studio 2013
VisualStudioVersion = 12.0.21005.1
MinimumVisualStudioVersion = 10.0.40219.1
Project("{FAE04EC0-301F-11D3-BF4B-00C04F79EFBC}") = "PA1 Mathrix", "PA1 Mathrix.csproj", "{D7122E9F-5DD2-4389-59EE-40674B55ADF6}"
EndProject
Project("{FAE04EC0-301F-11D3-BF4B-00C04F79EFBC}") = "PA1 Mathrix.CSharp", "PA1 Mathrix.CSharp.csproj", "{78779ACC-CA32-FF87-98A7-35A9E0EF6D38}"
EndProject
Project("{FAE04EC0-301F-11D3-BF4B-00C04F79EFBC}") = "PA1 Mathrix.Editor", "PA1 Mathrix.Editor.csproj", "{15BDA597-B23A-D842-814F-50B66EE4DF6A}"
EndProject
Global
	GlobalSection(SolutionConfigurationPlatforms) = preSolution
		Debug|Any CPU = Debug|Any CPU
		Release|Any CPU = Release|Any CPU
	EndGlobalSection
	GlobalSection(ProjectConfigurationPlatforms) = postSolution
		{D7122E9F-5DD2-4389-59EE-40674B55ADF6}.Debug|Any CPU.ActiveCfg = Debug|Any CPU
		{D7122E9F-5DD2-4389-59EE-40674B55ADF6}.Debug|Any CPU.Build.0 = Debug|Any CPU
		{D7122E9F-5DD2-4389-59EE-40674B55ADF6}.Release|Any CPU.ActiveCfg = Release|Any CPU
		{D7122E9F-5DD2-4389-59EE-40674B55ADF6}.Release|Any CPU.Build.0 = Release|Any CPU
		{78779ACC-CA32-FF87-98A7-35A9E0EF6D38}.Debug|Any CPU.ActiveCfg = Debug|Any CPU
		{78779ACC-CA32-FF87-98A7-35A9E0EF6D38}.Debug|Any CPU.Build.0 = Debug|Any CPU
		{78779ACC-CA32-FF87-98A7-35A9E0EF6D38}.Release|Any CPU.ActiveCfg = Release|Any CPU
		{78779ACC-CA32-FF87-98A7-35A9E0EF6D38}.Release|Any CPU.Build.0 = Release|Any CPU
		{15BDA597-B23A-D842-814F-50B66EE4DF6A}.Debug|Any CPU.ActiveCfg = Debug|Any CPU
		{15BDA597-B23A-D842-814F-50B66EE4DF6A}.Debug|Any CPU.Build.0 = Debug|Any CPU
		{15BDA597-B23A-D842-814F-50B66EE4DF6A}.Release|Any CPU.ActiveCfg = Release|Any CPU
		{15BDA597-B23A-D842-814F-50B66EE4DF6A}.Release|Any CPU.Build.0 = Release|Any CPU
	EndGlobalSection
	GlobalSection(SolutionProperties) = preSolution
		HideSolutionNode = FALSE
	EndGlobalSection
EndGlobal
