
Microsoft Visual Studio Solution File, Format Version 12.00
# Visual Studio 2015
Project("{FAE04EC0-301F-11D3-BF4B-00C04F79EFBC}") = "PA1 Mathrix.CSharp", "PA1 Mathrix.CSharp.csproj", "{78779ACC-CA32-FF87-98A7-35A9E0EF6D38}"
EndProject
Project("{FAE04EC0-301F-11D3-BF4B-00C04F79EFBC}") = "PA1 Mathrix.CSharp.Editor", "PA1 Mathrix.CSharp.Editor.csproj", "{71458EBE-E8C0-D0BA-C49F-A3E26CA47640}"
EndProject
Global
	GlobalSection(SolutionConfigurationPlatforms) = preSolution
		Debug|Any CPU = Debug|Any CPU
		Release|Any CPU = Release|Any CPU
	EndGlobalSection
	GlobalSection(ProjectConfigurationPlatforms) = postSolution
		{78779ACC-CA32-FF87-98A7-35A9E0EF6D38}.Debug|Any CPU.ActiveCfg = Debug|Any CPU
		{78779ACC-CA32-FF87-98A7-35A9E0EF6D38}.Debug|Any CPU.Build.0 = Debug|Any CPU
		{78779ACC-CA32-FF87-98A7-35A9E0EF6D38}.Release|Any CPU.ActiveCfg = Release|Any CPU
		{78779ACC-CA32-FF87-98A7-35A9E0EF6D38}.Release|Any CPU.Build.0 = Release|Any CPU
		{71458EBE-E8C0-D0BA-C49F-A3E26CA47640}.Debug|Any CPU.ActiveCfg = Debug|Any CPU
		{71458EBE-E8C0-D0BA-C49F-A3E26CA47640}.Debug|Any CPU.Build.0 = Debug|Any CPU
		{71458EBE-E8C0-D0BA-C49F-A3E26CA47640}.Release|Any CPU.ActiveCfg = Release|Any CPU
		{71458EBE-E8C0-D0BA-C49F-A3E26CA47640}.Release|Any CPU.Build.0 = Release|Any CPU
	EndGlobalSection
	GlobalSection(SolutionProperties) = preSolution
		HideSolutionNode = FALSE
	EndGlobalSection
EndGlobal
